// !$*UTF8*$!
{
	archiveVersion = 1;
	classes = {
	};
	objectVersion = 46;
	objects = {

/* Begin PBXBuildFile section */
		994A929D1BDC0F9200538D64 /* AppDelegate.swift in Sources */ = {isa = PBXBuildFile; fileRef = 994A929C1BDC0F9200538D64 /* AppDelegate.swift */; };
		994A929F1BDC0F9200538D64 /* ViewController.swift in Sources */ = {isa = PBXBuildFile; fileRef = 994A929E1BDC0F9200538D64 /* ViewController.swift */; };
		994A92A21BDC0F9200538D64 /* Main.storyboard in Resources */ = {isa = PBXBuildFile; fileRef = 994A92A01BDC0F9200538D64 /* Main.storyboard */; };
		994A92A41BDC0F9200538D64 /* Assets.xcassets in Resources */ = {isa = PBXBuildFile; fileRef = 994A92A31BDC0F9200538D64 /* Assets.xcassets */; };
		994A92A71BDC0F9200538D64 /* LaunchScreen.storyboard in Resources */ = {isa = PBXBuildFile; fileRef = 994A92A51BDC0F9200538D64 /* LaunchScreen.storyboard */; };
		994A92B21BDC0F9200538D64 /* InboxTests.swift in Sources */ = {isa = PBXBuildFile; fileRef = 994A92B11BDC0F9200538D64 /* InboxTests.swift */; };
		994A92BD1BDC0F9200538D64 /* InboxUITests.swift in Sources */ = {isa = PBXBuildFile; fileRef = 994A92BC1BDC0F9200538D64 /* InboxUITests.swift */; };
		994A92CB1BDC148900538D64 /* MailboxViewController.swift in Sources */ = {isa = PBXBuildFile; fileRef = 994A92CA1BDC148900538D64 /* MailboxViewController.swift */; settings = {ASSET_TAGS = (); }; };
/* End PBXBuildFile section */

/* Begin PBXContainerItemProxy section */
		994A92AE1BDC0F9200538D64 /* PBXContainerItemProxy */ = {
			isa = PBXContainerItemProxy;
			containerPortal = 994A92911BDC0F9200538D64 /* Project object */;
			proxyType = 1;
			remoteGlobalIDString = 994A92981BDC0F9200538D64;
			remoteInfo = Inbox;
		};
		994A92B91BDC0F9200538D64 /* PBXContainerItemProxy */ = {
			isa = PBXContainerItemProxy;
			containerPortal = 994A92911BDC0F9200538D64 /* Project object */;
			proxyType = 1;
			remoteGlobalIDString = 994A92981BDC0F9200538D64;
			remoteInfo = Inbox;
		};
/* End PBXContainerItemProxy section */

/* Begin PBXFileReference section */
		994A92991BDC0F9200538D64 /* Inbox.app */ = {isa = PBXFileReference; explicitFileType = wrapper.application; includeInIndex = 0; path = Inbox.app; sourceTree = BUILT_PRODUCTS_DIR; };
		994A929C1BDC0F9200538D64 /* AppDelegate.swift */ = {isa = PBXFileReference; lastKnownFileType = sourcecode.swift; path = AppDelegate.swift; sourceTree = "<group>"; };
		994A929E1BDC0F9200538D64 /* ViewController.swift */ = {isa = PBXFileReference; lastKnownFileType = sourcecode.swift; path = ViewController.swift; sourceTree = "<group>"; };
		994A92A11BDC0F9200538D64 /* Base */ = {isa = PBXFileReference; lastKnownFileType = file.storyboard; name = Base; path = Base.lproj/Main.storyboard; sourceTree = "<group>"; };
		994A92A31BDC0F9200538D64 /* Assets.xcassets */ = {isa = PBXFileReference; lastKnownFileType = folder.assetcatalog; path = Assets.xcassets; sourceTree = "<group>"; };
		994A92A61BDC0F9200538D64 /* Base */ = {isa = PBXFileReference; lastKnownFileType = file.storyboard; name = Base; path = Base.lproj/LaunchScreen.storyboard; sourceTree = "<group>"; };
		994A92A81BDC0F9200538D64 /* Info.plist */ = {isa = PBXFileReference; lastKnownFileType = text.plist.xml; path = Info.plist; sourceTree = "<group>"; };
		994A92AD1BDC0F9200538D64 /* InboxTests.xctest */ = {isa = PBXFileReference; explicitFileType = wrapper.cfbundle; includeInIndex = 0; path = InboxTests.xctest; sourceTree = BUILT_PRODUCTS_DIR; };
		994A92B11BDC0F9200538D64 /* InboxTests.swift */ = {isa = PBXFileReference; lastKnownFileType = sourcecode.swift; path = InboxTests.swift; sourceTree = "<group>"; };
		994A92B31BDC0F9200538D64 /* Info.plist */ = {isa = PBXFileReference; lastKnownFileType = text.plist.xml; path = Info.plist; sourceTree = "<group>"; };
		994A92B81BDC0F9200538D64 /* InboxUITests.xctest */ = {isa = PBXFileReference; explicitFileType = wrapper.cfbundle; includeInIndex = 0; path = InboxUITests.xctest; sourceTree = BUILT_PRODUCTS_DIR; };
		994A92BC1BDC0F9200538D64 /* InboxUITests.swift */ = {isa = PBXFileReference; lastKnownFileType = sourcecode.swift; path = InboxUITests.swift; sourceTree = "<group>"; };
		994A92BE1BDC0F9200538D64 /* Info.plist */ = {isa = PBXFileReference; lastKnownFileType = text.plist.xml; path = Info.plist; sourceTree = "<group>"; };
		994A92CA1BDC148900538D64 /* MailboxViewController.swift */ = {isa = PBXFileReference; fileEncoding = 4; lastKnownFileType = sourcecode.swift; path = MailboxViewController.swift; sourceTree = "<group>"; };
/* End PBXFileReference section */

/* Begin PBXFrameworksBuildPhase section */
		994A92961BDC0F9200538D64 /* Frameworks */ = {
			isa = PBXFrameworksBuildPhase;
			buildActionMask = 2147483647;
			files = (
			);
			runOnlyForDeploymentPostprocessing = 0;
		};
		994A92AA1BDC0F9200538D64 /* Frameworks */ = {
			isa = PBXFrameworksBuildPhase;
			buildActionMask = 2147483647;
			files = (
			);
			runOnlyForDeploymentPostprocessing = 0;
		};
		994A92B51BDC0F9200538D64 /* Frameworks */ = {
			isa = PBXFrameworksBuildPhase;
			buildActionMask = 2147483647;
			files = (
			);
			runOnlyForDeploymentPostprocessing = 0;
		};
/* End PBXFrameworksBuildPhase section */

/* Begin PBXGroup section */
		994A92901BDC0F9200538D64 = {
			isa = PBXGroup;
			children = (
				994A929B1BDC0F9200538D64 /* Inbox */,
				994A92B01BDC0F9200538D64 /* InboxTests */,
				994A92BB1BDC0F9200538D64 /* InboxUITests */,
				994A929A1BDC0F9200538D64 /* Products */,
			);
			sourceTree = "<group>";
		};
		994A929A1BDC0F9200538D64 /* Products */ = {
			isa = PBXGroup;
			children = (
				994A92991BDC0F9200538D64 /* Inbox.app */,
				994A92AD1BDC0F9200538D64 /* InboxTests.xctest */,
				994A92B81BDC0F9200538D64 /* InboxUITests.xctest */,
			);
			name = Products;
			sourceTree = "<group>";
		};
		994A929B1BDC0F9200538D64 /* Inbox */ = {
			isa = PBXGroup;
			children = (
				994A92CC1BDC149000538D64 /* custom controllers */,
				994A929C1BDC0F9200538D64 /* AppDelegate.swift */,
				994A929E1BDC0F9200538D64 /* ViewController.swift */,
				994A92A01BDC0F9200538D64 /* Main.storyboard */,
				994A92A31BDC0F9200538D64 /* Assets.xcassets */,
				994A92A51BDC0F9200538D64 /* LaunchScreen.storyboard */,
				994A92A81BDC0F9200538D64 /* Info.plist */,
			);
			path = Inbox;
			sourceTree = "<group>";
		};
		994A92B01BDC0F9200538D64 /* InboxTests */ = {
			isa = PBXGroup;
			children = (
				994A92B11BDC0F9200538D64 /* InboxTests.swift */,
				994A92B31BDC0F9200538D64 /* Info.plist */,
			);
			path = InboxTests;
			sourceTree = "<group>";
		};
		994A92BB1BDC0F9200538D64 /* InboxUITests */ = {
			isa = PBXGroup;
			children = (
				994A92BC1BDC0F9200538D64 /* InboxUITests.swift */,
				994A92BE1BDC0F9200538D64 /* Info.plist */,
			);
			path = InboxUITests;
			sourceTree = "<group>";
		};
		994A92CC1BDC149000538D64 /* custom controllers */ = {
			isa = PBXGroup;
			children = (
				994A92CA1BDC148900538D64 /* MailboxViewController.swift */,
			);
			name = "custom controllers";
			sourceTree = "<group>";
		};
/* End PBXGroup section */

/* Begin PBXNativeTarget section */
		994A92981BDC0F9200538D64 /* Inbox */ = {
			isa = PBXNativeTarget;
			buildConfigurationList = 994A92C11BDC0F9200538D64 /* Build configuration list for PBXNativeTarget "Inbox" */;
			buildPhases = (
				994A92951BDC0F9200538D64 /* Sources */,
				994A92961BDC0F9200538D64 /* Frameworks */,
				994A92971BDC0F9200538D64 /* Resources */,
			);
			buildRules = (
			);
			dependencies = (
			);
			name = Inbox;
			productName = Inbox;
			productReference = 994A92991BDC0F9200538D64 /* Inbox.app */;
			productType = "com.apple.product-type.application";
		};
		994A92AC1BDC0F9200538D64 /* InboxTests */ = {
			isa = PBXNativeTarget;
			buildConfigurationList = 994A92C41BDC0F9200538D64 /* Build configuration list for PBXNativeTarget "InboxTests" */;
			buildPhases = (
				994A92A91BDC0F9200538D64 /* Sources */,
				994A92AA1BDC0F9200538D64 /* Frameworks */,
				994A92AB1BDC0F9200538D64 /* Resources */,
			);
			buildRules = (
			);
			dependencies = (
				994A92AF1BDC0F9200538D64 /* PBXTargetDependency */,
			);
			name = InboxTests;
			productName = InboxTests;
			productReference = 994A92AD1BDC0F9200538D64 /* InboxTests.xctest */;
			productType = "com.apple.product-type.bundle.unit-test";
		};
		994A92B71BDC0F9200538D64 /* InboxUITests */ = {
			isa = PBXNativeTarget;
			buildConfigurationList = 994A92C71BDC0F9200538D64 /* Build configuration list for PBXNativeTarget "InboxUITests" */;
			buildPhases = (
				994A92B41BDC0F9200538D64 /* Sources */,
				994A92B51BDC0F9200538D64 /* Frameworks */,
				994A92B61BDC0F9200538D64 /* Resources */,
			);
			buildRules = (
			);
			dependencies = (
				994A92BA1BDC0F9200538D64 /* PBXTargetDependency */,
			);
			name = InboxUITests;
			productName = InboxUITests;
			productReference = 994A92B81BDC0F9200538D64 /* InboxUITests.xctest */;
			productType = "com.apple.product-type.bundle.ui-testing";
		};
/* End PBXNativeTarget section */

/* Begin PBXProject section */
		994A92911BDC0F9200538D64 /* Project object */ = {
			isa = PBXProject;
			attributes = {
				LastUpgradeCheck = 0700;
				ORGANIZATIONNAME = wm;
				TargetAttributes = {
					994A92981BDC0F9200538D64 = {
						CreatedOnToolsVersion = 7.0.1;
						DevelopmentTeam = TLETK3839J;
					};
					994A92AC1BDC0F9200538D64 = {
						CreatedOnToolsVersion = 7.0.1;
						DevelopmentTeam = TLETK3839J;
						TestTargetID = 994A92981BDC0F9200538D64;
					};
					994A92B71BDC0F9200538D64 = {
						CreatedOnToolsVersion = 7.0.1;
						DevelopmentTeam = TLETK3839J;
						TestTargetID = 994A92981BDC0F9200538D64;
					};
				};
			};
			buildConfigurationList = 994A92941BDC0F9200538D64 /* Build configuration list for PBXProject "Inbox" */;
			compatibilityVersion = "Xcode 3.2";
			developmentRegion = English;
			hasScannedForEncodings = 0;
			knownRegions = (
				en,
				Base,
			);
			mainGroup = 994A92901BDC0F9200538D64;
			productRefGroup = 994A929A1BDC0F9200538D64 /* Products */;
			projectDirPath = "";
			projectRoot = "";
			targets = (
				994A92981BDC0F9200538D64 /* Inbox */,
				994A92AC1BDC0F9200538D64 /* InboxTests */,
				994A92B71BDC0F9200538D64 /* InboxUITests */,
			);
		};
/* End PBXProject section */

/* Begin PBXResourcesBuildPhase section */
		994A92971BDC0F9200538D64 /* Resources */ = {
			isa = PBXResourcesBuildPhase;
			buildActionMask = 2147483647;
			files = (
				994A92A71BDC0F9200538D64 /* LaunchScreen.storyboard in Resources */,
				994A92A41BDC0F9200538D64 /* Assets.xcassets in Resources */,
				994A92A21BDC0F9200538D64 /* Main.storyboard in Resources */,
			);
			runOnlyForDeploymentPostprocessing = 0;
		};
		994A92AB1BDC0F9200538D64 /* Resources */ = {
			isa = PBXResourcesBuildPhase;
			buildActionMask = 2147483647;
			files = (
			);
			runOnlyForDeploymentPostprocessing = 0;
		};
		994A92B61BDC0F9200538D64 /* Resources */ = {
			isa = PBXResourcesBuildPhase;
			buildActionMask = 2147483647;
			files = (
			);
			runOnlyForDeploymentPostprocessing = 0;
		};
/* End PBXResourcesBuildPhase section */

/* Begin PBXSourcesBuildPhase section */
		994A92951BDC0F9200538D64 /* Sources */ = {
			isa = PBXSourcesBuildPhase;
			buildActionMask = 2147483647;
			files = (
				994A929F1BDC0F9200538D64 /* ViewController.swift in Sources */,
				994A929D1BDC0F9200538D64 /* AppDelegate.swift in Sources */,
				994A92CB1BDC148900538D64 /* MailboxViewController.swift in Sources */,
			);
			runOnlyForDeploymentPostprocessing = 0;
		};
		994A92A91BDC0F9200538D64 /* Sources */ = {
			isa = PBXSourcesBuildPhase;
			buildActionMask = 2147483647;
			files = (
				994A92B21BDC0F9200538D64 /* InboxTests.swift in Sources */,
			);
			runOnlyForDeploymentPostprocessing = 0;
		};
		994A92B41BDC0F9200538D64 /* Sources */ = {
			isa = PBXSourcesBuildPhase;
			buildActionMask = 2147483647;
			files = (
				994A92BD1BDC0F9200538D64 /* InboxUITests.swift in Sources */,
			);
			runOnlyForDeploymentPostprocessing = 0;
		};
/* End PBXSourcesBuildPhase section */

/* Begin PBXTargetDependency section */
		994A92AF1BDC0F9200538D64 /* PBXTargetDependency */ = {
			isa = PBXTargetDependency;
			target = 994A92981BDC0F9200538D64 /* Inbox */;
			targetProxy = 994A92AE1BDC0F9200538D64 /* PBXContainerItemProxy */;
		};
		994A92BA1BDC0F9200538D64 /* PBXTargetDependency */ = {
			isa = PBXTargetDependency;
			target = 994A92981BDC0F9200538D64 /* Inbox */;
			targetProxy = 994A92B91BDC0F9200538D64 /* PBXContainerItemProxy */;
		};
/* End PBXTargetDependency section */

/* Begin PBXVariantGroup section */
		994A92A01BDC0F9200538D64 /* Main.storyboard */ = {
			isa = PBXVariantGroup;
			children = (
				994A92A11BDC0F9200538D64 /* Base */,
			);
			name = Main.storyboard;
			sourceTree = "<group>";
		};
		994A92A51BDC0F9200538D64 /* LaunchScreen.storyboard */ = {
			isa = PBXVariantGroup;
			children = (
				994A92A61BDC0F9200538D64 /* Base */,
			);
			name = LaunchScreen.storyboard;
			sourceTree = "<group>";
		};
/* End PBXVariantGroup section */

/* Begin XCBuildConfiguration section */
		994A92BF1BDC0F9200538D64 /* Debug */ = {
			isa = XCBuildConfiguration;
			buildSettings = {
				ALWAYS_SEARCH_USER_PATHS = NO;
				CLANG_CXX_LANGUAGE_STANDARD = "gnu++0x";
				CLANG_CXX_LIBRARY = "libc++";
				CLANG_ENABLE_MODULES = YES;
				CLANG_ENABLE_OBJC_ARC = YES;
				CLANG_WARN_BOOL_CONVERSION = YES;
				CLANG_WARN_CONSTANT_CONVERSION = YES;
				CLANG_WARN_DIRECT_OBJC_ISA_USAGE = YES_ERROR;
				CLANG_WARN_EMPTY_BODY = YES;
				CLANG_WARN_ENUM_CONVERSION = YES;
				CLANG_WARN_INT_CONVERSION = YES;
				CLANG_WARN_OBJC_ROOT_CLASS = YES_ERROR;
				CLANG_WARN_UNREACHABLE_CODE = YES;
				CLANG_WARN__DUPLICATE_METHOD_MATCH = YES;
				"CODE_SIGN_IDENTITY[sdk=iphoneos*]" = "iPhone Developer";
				COPY_PHASE_STRIP = NO;
				DEBUG_INFORMATION_FORMAT = dwarf;
				ENABLE_STRICT_OBJC_MSGSEND = YES;
				ENABLE_TESTABILITY = YES;
				GCC_C_LANGUAGE_STANDARD = gnu99;
				GCC_DYNAMIC_NO_PIC = NO;
				GCC_NO_COMMON_BLOCKS = YES;
				GCC_OPTIMIZATION_LEVEL = 0;
				GCC_PREPROCESSOR_DEFINITIONS = (
					"DEBUG=1",
					"$(inherited)",
				);
				GCC_WARN_64_TO_32_BIT_CONVERSION = YES;
				GCC_WARN_ABOUT_RETURN_TYPE = YES_ERROR;
				GCC_WARN_UNDECLARED_SELECTOR = YES;
				GCC_WARN_UNINITIALIZED_AUTOS = YES_AGGRESSIVE;
				GCC_WARN_UNUSED_FUNCTION = YES;
				GCC_WARN_UNUSED_VARIABLE = YES;
				IPHONEOS_DEPLOYMENT_TARGET = 9.0;
				MTL_ENABLE_DEBUG_INFO = YES;
				ONLY_ACTIVE_ARCH = YES;
				SDKROOT = iphoneos;
				SWIFT_OPTIMIZATION_LEVEL = "-Onone";
			};
			name = Debug;
		};
		994A92C01BDC0F9200538D64 /* Release */ = {
			isa = XCBuildConfiguration;
			buildSettings = {
				ALWAYS_SEARCH_USER_PATHS = NO;
				CLANG_CXX_LANGUAGE_STANDARD = "gnu++0x";
				CLANG_CXX_LIBRARY = "libc++";
				CLANG_ENABLE_MODULES = YES;
				CLANG_ENABLE_OBJC_ARC = YES;
				CLANG_WARN_BOOL_CONVERSION = YES;
				CLANG_WARN_CONSTANT_CONVERSION = YES;
				CLANG_WARN_DIRECT_OBJC_ISA_USAGE = YES_ERROR;
				CLANG_WARN_EMPTY_BODY = YES;
				CLANG_WARN_ENUM_CONVERSION = YES;
				CLANG_WARN_INT_CONVERSION = YES;
				CLANG_WARN_OBJC_ROOT_CLASS = YES_ERROR;
				CLANG_WARN_UNREACHABLE_CODE = YES;
				CLANG_WARN__DUPLICATE_METHOD_MATCH = YES;
				"CODE_SIGN_IDENTITY[sdk=iphoneos*]" = "iPhone Developer";
				COPY_PHASE_STRIP = NO;
				DEBUG_INFORMATION_FORMAT = "dwarf-with-dsym";
				ENABLE_NS_ASSERTIONS = NO;
				ENABLE_STRICT_OBJC_MSGSEND = YES;
				GCC_C_LANGUAGE_STANDARD = gnu99;
				GCC_NO_COMMON_BLOCKS = YES;
				GCC_WARN_64_TO_32_BIT_CONVERSION = YES;
				GCC_WARN_ABOUT_RETURN_TYPE = YES_ERROR;
				GCC_WARN_UNDECLARED_SELECTOR = YES;
				GCC_WARN_UNINITIALIZED_AUTOS = YES_AGGRESSIVE;
				GCC_WARN_UNUSED_FUNCTION = YES;
				GCC_WARN_UNUSED_VARIABLE = YES;
				IPHONEOS_DEPLOYMENT_TARGET = 9.0;
				MTL_ENABLE_DEBUG_INFO = NO;
				SDKROOT = iphoneos;
				VALIDATE_PRODUCT = YES;
			};
			name = Release;
		};
		994A92C21BDC0F9200538D64 /* Debug */ = {
			isa = XCBuildConfiguration;
			buildSettings = {
				ASSETCATALOG_COMPILER_APPICON_NAME = AppIcon;
				INFOPLIST_FILE = Inbox/Info.plist;
				LD_RUNPATH_SEARCH_PATHS = "$(inherited) @executable_path/Frameworks";
				PRODUCT_BUNDLE_IDENTIFIER = wm.Inbox;
				PRODUCT_NAME = "$(TARGET_NAME)";
			};
			name = Debug;
		};
		994A92C31BDC0F9200538D64 /* Release */ = {
			isa = XCBuildConfiguration;
			buildSettings = {
				ASSETCATALOG_COMPILER_APPICON_NAME = AppIcon;
				INFOPLIST_FILE = Inbox/Info.plist;
				LD_RUNPATH_SEARCH_PATHS = "$(inherited) @executable_path/Frameworks";
				PRODUCT_BUNDLE_IDENTIFIER = wm.Inbox;
				PRODUCT_NAME = "$(TARGET_NAME)";
			};
			name = Release;
		};
		994A92C51BDC0F9200538D64 /* Debug */ = {
			isa = XCBuildConfiguration;
			buildSettings = {
				BUNDLE_LOADER = "$(TEST_HOST)";
				INFOPLIST_FILE = InboxTests/Info.plist;
				LD_RUNPATH_SEARCH_PATHS = "$(inherited) @executable_path/Frameworks @loader_path/Frameworks";
				PRODUCT_BUNDLE_IDENTIFIER = wm.InboxTests;
				PRODUCT_NAME = "$(TARGET_NAME)";
				TEST_HOST = "$(BUILT_PRODUCTS_DIR)/Inbox.app/Inbox";
			};
			name = Debug;
		};
		994A92C61BDC0F9200538D64 /* Release */ = {
			isa = XCBuildConfiguration;
			buildSettings = {
				BUNDLE_LOADER = "$(TEST_HOST)";
				INFOPLIST_FILE = InboxTests/Info.plist;
				LD_RUNPATH_SEARCH_PATHS = "$(inherited) @executable_path/Frameworks @loader_path/Frameworks";
				PRODUCT_BUNDLE_IDENTIFIER = wm.InboxTests;
				PRODUCT_NAME = "$(TARGET_NAME)";
				TEST_HOST = "$(BUILT_PRODUCTS_DIR)/Inbox.app/Inbox";
			};
			name = Release;
		};
		994A92C81BDC0F9200538D64 /* Debug */ = {
			isa = XCBuildConfiguration;
			buildSettings = {
				INFOPLIST_FILE = InboxUITests/Info.plist;
				LD_RUNPATH_SEARCH_PATHS = "$(inherited) @executable_path/Frameworks @loader_path/Frameworks";
				PRODUCT_BUNDLE_IDENTIFIER = wm.InboxUITests;
				PRODUCT_NAME = "$(TARGET_NAME)";
				TEST_TARGET_NAME = Inbox;
				USES_XCTRUNNER = YES;
			};
			name = Debug;
		};
		994A92C91BDC0F9200538D64 /* Release */ = {
			isa = XCBuildConfiguration;
			buildSettings = {
				INFOPLIST_FILE = InboxUITests/Info.plist;
				LD_RUNPATH_SEARCH_PATHS = "$(inherited) @executable_path/Frameworks @loader_path/Frameworks";
				PRODUCT_BUNDLE_IDENTIFIER = wm.InboxUITests;
				PRODUCT_NAME = "$(TARGET_NAME)";
				TEST_TARGET_NAME = Inbox;
				USES_XCTRUNNER = YES;
			};
			name = Release;
		};
/* End XCBuildConfiguration section */

/* Begin XCConfigurationList section */
		994A92941BDC0F9200538D64 /* Build configuration list for PBXProject "Inbox" */ = {
			isa = XCConfigurationList;
			buildConfigurations = (
				994A92BF1BDC0F9200538D64 /* Debug */,
				994A92C01BDC0F9200538D64 /* Release */,
			);
			defaultConfigurationIsVisible = 0;
			defaultConfigurationName = Release;
		};
		994A92C11BDC0F9200538D64 /* Build configuration list for PBXNativeTarget "Inbox" */ = {
			isa = XCConfigurationList;
			buildConfigurations = (
				994A92C21BDC0F9200538D64 /* Debug */,
				994A92C31BDC0F9200538D64 /* Release */,
			);
			defaultConfigurationIsVisible = 0;
		};
		994A92C41BDC0F9200538D64 /* Build configuration list for PBXNativeTarget "InboxTests" */ = {
			isa = XCConfigurationList;
			buildConfigurations = (
				994A92C51BDC0F9200538D64 /* Debug */,
				994A92C61BDC0F9200538D64 /* Release */,
			);
			defaultConfigurationIsVisible = 0;
		};
		994A92C71BDC0F9200538D64 /* Build configuration list for PBXNativeTarget "InboxUITests" */ = {
			isa = XCConfigurationList;
			buildConfigurations = (
				994A92C81BDC0F9200538D64 /* Debug */,
				994A92C91BDC0F9200538D64 /* Release */,
			);
			defaultConfigurationIsVisible = 0;
		};
/* End XCConfigurationList section */
	};
	rootObject = 994A92911BDC0F9200538D64 /* Project object */;
}
